# This file is automatically @generated by Cargo.
# It is not intended for manual editing.
version = 4

[[package]]
name = "facetful-cli"
version = "0.1.0"
dependencies = [
 "facetful-format",
]

[[package]]
name = "facetful-engine"
version = "0.1.0"
dependencies = [
 "facetful-format",
]

[[package]]
name = "facetful-format"
version = "0.1.0"

[[package]]
name = "facetful-wasm"
version = "0.1.0"
dependencies = [
 "facetful-engine",
]
