{
  "name": "spike-bench",
  "version": "1.0.0",
  "lockfileVersion": 3,
  "requires": true,
  "packages": {
    "": {
      "name": "spike-bench",
      "version": "1.0.0",
      "dependencies": {
        "crossfilter2": "^1.5.4",
        "hyparquet": "^1.29.2"
      }
    },
    "node_modules/@ranfdev/deepobj": {
      "version": "1.0.2",
      "resolved": "https://registry.npmjs.org/@ranfdev/deepobj/-/deepobj-1.0.2.tgz",
      "integrity": "sha512-FM3y6kfJaj5MCoAjdv24EDCTDbuFz+4+pgAunbjYfugwIE4O/xx8mPNji1n/ouG8pHCntSnBr1xwTOensF23Gg==",
      "deprecated": "This library is unmaintained",
      "license": "MIT"
    },
    "node_modules/crossfilter2": {
      "version": "1.5.4",
      "resolved": "https://registry.npmjs.org/crossfilter2/-/crossfilter2-1.5.4.tgz",
      "integrity": "sha512-oOGqOM0RocwQFOXJnEaUKqYV6Mc1TNCRv3LrNUa0QlofQTutGAXyQaLW1aGKLls2sfnbwBEtsa6tPD3jY+ycqQ==",
      "license": "Apache-2.0",
      "dependencies": {
        "@ranfdev/deepobj": "1.0.2"
      }
    },
    "node_modules/hyparquet": {
      "version": "1.29.2",
      "resolved": "https://registry.npmjs.org/hyparquet/-/hyparquet-1.29.2.tgz",
      "integrity": "sha512-2LxinZ8X0JqToST+9OXcy9t3t5Q7ZneMTkSqUx/36Hv18pCTk/N71IWZc7APTSNG1Me39l/jjEvzZSZ0R+Knbw==",
      "license": "MIT"
    }
  }
}
